// !$*UTF8*$!
{
	archiveVersion = 1;
	classes = {
	};
	objectVersion = 46;
	objects = {

/* Begin PBXBuildFile section */
		3BC4E1A01ED772C8001636D1 /* AppDelegate.swift in Sources */ = {isa = PBXBuildFile; fileRef = 3BC4E19F1ED772C8001636D1 /* AppDelegate.swift */; };
		3BC4E1A21ED772C8001636D1 /* ViewController.swift in Sources */ = {isa = PBXBuildFile; fileRef = 3BC4E1A11ED772C8001636D1 /* ViewController.swift */; };
		3BC4E1A51ED772C8001636D1 /* Main.storyboard in Resources */ = {isa = PBXBuildFile; fileRef = 3BC4E1A31ED772C8001636D1 /* Main.storyboard */; };
		3BC4E1A71ED772C8001636D1 /* Assets.xcassets in Resources */ = {isa = PBXBuildFile; fileRef = 3BC4E1A61ED772C8001636D1 /* Assets.xcassets */; };
		3BC4E1AA1ED772C8001636D1 /* LaunchScreen.storyboard in Resources */ = {isa = PBXBuildFile; fileRef = 3BC4E1A81ED772C8001636D1 /* LaunchScreen.storyboard */; };
/* End PBXBuildFile section */

/* Begin PBXFileReference section */
		3BC4E19C1ED772C8001636D1 /* GeoMe.app */ = {isa = PBXFileReference; explicitFileType = wrapper.application; includeInIndex = 0; path = GeoMe.app; sourceTree = BUILT_PRODUCTS_DIR; };
		3BC4E19F1ED772C8001636D1 /* AppDelegate.swift */ = {isa = PBXFileReference; lastKnownFileType = sourcecode.swift; path = AppDelegate.swift; sourceTree = "<group>"; };
		3BC4E1A11ED772C8001636D1 /* ViewController.swift */ = {isa = PBXFileReference; lastKnownFileType = sourcecode.swift; path = ViewController.swift; sourceTree = "<group>"; };
		3BC4E1A41ED772C8001636D1 /* Base */ = {isa = PBXFileReference; lastKnownFileType = file.storyboard; name = Base; path = Base.lproj/Main.storyboard; sourceTree = "<group>"; };
		3BC4E1A61ED772C8001636D1 /* Assets.xcassets */ = {isa = PBXFileReference; lastKnownFileType = folder.assetcatalog; path = Assets.xcassets; sourceTree = "<group>"; };
		3BC4E1A91ED772C8001636D1 /* Base */ = {isa = PBXFileReference; lastKnownFileType = file.storyboard; name = Base; path = Base.lproj/LaunchScreen.storyboard; sourceTree = "<group>"; };
		3BC4E1AB1ED772C8001636D1 /* Info.plist */ = {isa = PBXFileReference; lastKnownFileType = text.plist.xml; path = Info.plist; sourceTree = "<group>"; };
/* End PBXFileReference section */

/* Begin PBXFrameworksBuildPhase section */
		3BC4E1991ED772C8001636D1 /* Frameworks */ = {
			isa = PBXFrameworksBuildPhase;
			buildActionMask = 2147483647;
			files = (
			);
			runOnlyForDeploymentPostprocessing = 0;
		};
/* End PBXFrameworksBuildPhase section */

/* Begin PBXGroup section */
		3BC4E1931ED772C8001636D1 = {
			isa = PBXGroup;
			children = (
				3BC4E19E1ED772C8001636D1 /* GeoMe */,
				3BC4E19D1ED772C8001636D1 /* Products */,
			);
			sourceTree = "<group>";
		};
		3BC4E19D1ED772C8001636D1 /* Products */ = {
			isa = PBXGroup;
			children = (
				3BC4E19C1ED772C8001636D1 /* GeoMe.app */,
			);
			name = Products;
			sourceTree = "<group>";
		};
		3BC4E19E1ED772C8001636D1 /* GeoMe */ = {
			isa = PBXGroup;
			children = (
				3BC4E19F1ED772C8001636D1 /* AppDelegate.swift */,
				3BC4E1A11ED772C8001636D1 /* ViewController.swift */,
				3BC4E1A31ED772C8001636D1 /* Main.storyboard */,
				3BC4E1A61ED772C8001636D1 /* Assets.xcassets */,
				3BC4E1A81ED772C8001636D1 /* LaunchScreen.storyboard */,
				3BC4E1AB1ED772C8001636D1 /* Info.plist */,
			);
			path = GeoMe;
			sourceTree = "<group>";
		};
/* End PBXGroup section */

/* Begin PBXNativeTarget section */
		3BC4E19B1ED772C8001636D1 /* GeoMe */ = {
			isa = PBXNativeTarget;
			buildConfigurationList = 3BC4E1AE1ED772C8001636D1 /* Build configuration list for PBXNativeTarget "GeoMe" */;
			buildPhases = (
				3BC4E1981ED772C8001636D1 /* Sources */,
				3BC4E1991ED772C8001636D1 /* Frameworks */,
				3BC4E19A1ED772C8001636D1 /* Resources */,
			);
			buildRules = (
			);
			dependencies = (
			);
			name = GeoMe;
			productName = GeoMe;
			productReference = 3BC4E19C1ED772C8001636D1 /* GeoMe.app */;
			productType = "com.apple.product-type.application";
		};
/* End PBXNativeTarget section */

/* Begin PBXProject section */
		3BC4E1941ED772C8001636D1 /* Project object */ = {
			isa = PBXProject;
			attributes = {
				LastSwiftUpdateCheck = 0830;
				LastUpgradeCheck = 0830;
				ORGANIZATIONNAME = elbedev.com;
				TargetAttributes = {
					3BC4E19B1ED772C8001636D1 = {
						CreatedOnToolsVersion = 8.3.2;
						DevelopmentTeam = X29V4JPQ55;
						ProvisioningStyle = Automatic;
					};
				};
			};
			buildConfigurationList = 3BC4E1971ED772C8001636D1 /* Build configuration list for PBXProject "GeoMe" */;
			compatibilityVersion = "Xcode 3.2";
			developmentRegion = English;
			hasScannedForEncodings = 0;
			knownRegions = (
				en,
				Base,
			);
			mainGroup = 3BC4E1931ED772C8001636D1;
			productRefGroup = 3BC4E19D1ED772C8001636D1 /* Products */;
			projectDirPath = "";
			projectRoot = "";
			targets = (
				3BC4E19B1ED772C8001636D1 /* GeoMe */,
			);
		};
/* End PBXProject section */

/* Begin PBXResourcesBuildPhase section */
		3BC4E19A1ED772C8001636D1 /* Resources */ = {
			isa = PBXResourcesBuildPhase;
			buildActionMask = 2147483647;
			files = (
				3BC4E1AA1ED772C8001636D1 /* LaunchScreen.storyboard in Resources */,
				3BC4E1A71ED772C8001636D1 /* Assets.xcassets in Resources */,
				3BC4E1A51ED772C8001636D1 /* Main.storyboard in Resources */,
			);
			runOnlyForDeploymentPostprocessing = 0;
		};
/* End PBXResourcesBuildPhase section */

/* Begin PBXSourcesBuildPhase section */
		3BC4E1981ED772C8001636D1 /* Sources */ = {
			isa = PBXSourcesBuildPhase;
			buildActionMask = 2147483647;
			files = (
				3BC4E1A21ED772C8001636D1 /* ViewController.swift in Sources */,
				3BC4E1A01ED772C8001636D1 /* AppDelegate.swift in Sources */,
			);
			runOnlyForDeploymentPostprocessing = 0;
		};
/* End PBXSourcesBuildPhase section */

/* Begin PBXVariantGroup section */
		3BC4E1A31ED772C8001636D1 /* Main.storyboard */ = {
			isa = PBXVariantGroup;
			children = (
				3BC4E1A41ED772C8001636D1 /* Base */,
			);
			name = Main.storyboard;
			sourceTree = "<group>";
		};
		3BC4E1A81ED772C8001636D1 /* LaunchScreen.storyboard */ = {
			isa = PBXVariantGroup;
			children = (
				3BC4E1A91ED772C8001636D1 /* Base */,
			);
			name = LaunchScreen.storyboard;
			sourceTree = "<group>";
		};
/* End PBXVariantGroup section */

/* Begin XCBuildConfiguration section */
		3BC4E1AC1ED772C8001636D1 /* Debug */ = {
			isa = XCBuildConfiguration;
			buildSettings = {
				ALWAYS_SEARCH_USER_PATHS = NO;
				CLANG_ANALYZER_NONNULL = YES;
				CLANG_ANALYZER_NUMBER_OBJECT_CONVERSION = YES_AGGRESSIVE;
				CLANG_CXX_LANGUAGE_STANDARD = "gnu++0x";
				CLANG_CXX_LIBRARY = "libc++";
				CLANG_ENABLE_MODULES = YES;
				CLANG_ENABLE_OBJC_ARC = YES;
				CLANG_WARN_BOOL_CONVERSION = YES;
				CLANG_WARN_CONSTANT_CONVERSION = YES;
				CLANG_WARN_DIRECT_OBJC_ISA_USAGE = YES_ERROR;
				CLANG_WARN_DOCUMENTATION_COMMENTS = YES;
				CLANG_WARN_EMPTY_BODY = YES;
				CLANG_WARN_ENUM_CONVERSION = YES;
				CLANG_WARN_INFINITE_RECURSION = YES;
				CLANG_WARN_INT_CONVERSION = YES;
				CLANG_WARN_OBJC_ROOT_CLASS = YES_ERROR;
				CLANG_WARN_SUSPICIOUS_MOVE = YES;
				CLANG_WARN_UNREACHABLE_CODE = YES;
				CLANG_WARN__DUPLICATE_METHOD_MATCH = YES;
				"CODE_SIGN_IDENTITY[sdk=iphoneos*]" = "iPhone Developer";
				COPY_PHASE_STRIP = NO;
				DEBUG_INFORMATION_FORMAT = dwarf;
				ENABLE_STRICT_OBJC_MSGSEND = YES;
				ENABLE_TESTABILITY = YES;
				GCC_C_LANGUAGE_STANDARD = gnu99;
				GCC_DYNAMIC_NO_PIC = NO;
				GCC_NO_COMMON_BLOCKS = YES;
				GCC_OPTIMIZATION_LEVEL = 0;
				GCC_PREPROCESSOR_DEFINITIONS = (
					"DEBUG=1",
					"$(inherited)",
				);
				GCC_WARN_64_TO_32_BIT_CONVERSION = YES;
				GCC_WARN_ABOUT_RETURN_TYPE = YES_ERROR;
				GCC_WARN_UNDECLARED_SELECTOR = YES;
				GCC_WARN_UNINITIALIZED_AUTOS = YES_AGGRESSIVE;
				GCC_WARN_UNUSED_FUNCTION = YES;
				GCC_WARN_UNUSED_VARIABLE = YES;
				IPHONEOS_DEPLOYMENT_TARGET = 10.3;
				MTL_ENABLE_DEBUG_INFO = YES;
				ONLY_ACTIVE_ARCH = YES;
				SDKROOT = iphoneos;
				SWIFT_ACTIVE_COMPILATION_CONDITIONS = DEBUG;
				SWIFT_OPTIMIZATION_LEVEL = "-Onone";
				TARGETED_DEVICE_FAMILY = "1,2";
			};
			name = Debug;
		};
		3BC4E1AD1ED772C8001636D1 /* Release */ = {
			isa = XCBuildConfiguration;
			buildSettings = {
				ALWAYS_SEARCH_USER_PATHS = NO;
				CLANG_ANALYZER_NONNULL = YES;
				CLANG_ANALYZER_NUMBER_OBJECT_CONVERSION = YES_AGGRESSIVE;
				CLANG_CXX_LANGUAGE_STANDARD = "gnu++0x";
				CLANG_CXX_LIBRARY = "libc++";
				CLANG_ENABLE_MODULES = YES;
				CLANG_ENABLE_OBJC_ARC = YES;
				CLANG_WARN_BOOL_CONVERSION = YES;
				CLANG_WARN_CONSTANT_CONVERSION = YES;
				CLANG_WARN_DIRECT_OBJC_ISA_USAGE = YES_ERROR;
				CLANG_WARN_DOCUMENTATION_COMMENTS = YES;
				CLANG_WARN_EMPTY_BODY = YES;
				CLANG_WARN_ENUM_CONVERSION = YES;
				CLANG_WARN_INFINITE_RECURSION = YES;
				CLANG_WARN_INT_CONVERSION = YES;
				CLANG_WARN_OBJC_ROOT_CLASS = YES_ERROR;
				CLANG_WARN_SUSPICIOUS_MOVE = YES;
				CLANG_WARN_UNREACHABLE_CODE = YES;
				CLANG_WARN__DUPLICATE_METHOD_MATCH = YES;
				"CODE_SIGN_IDENTITY[sdk=iphoneos*]" = "iPhone Developer";
				COPY_PHASE_STRIP = NO;
				DEBUG_INFORMATION_FORMAT = "dwarf-with-dsym";
				ENABLE_NS_ASSERTIONS = NO;
				ENABLE_STRICT_OBJC_MSGSEND = YES;
				GCC_C_LANGUAGE_STANDARD = gnu99;
				GCC_NO_COMMON_BLOCKS = YES;
				GCC_WARN_64_TO_32_BIT_CONVERSION = YES;
				GCC_WARN_ABOUT_RETURN_TYPE = YES_ERROR;
				GCC_WARN_UNDECLARED_SELECTOR = YES;
				GCC_WARN_UNINITIALIZED_AUTOS = YES_AGGRESSIVE;
				GCC_WARN_UNUSED_FUNCTION = YES;
				GCC_WARN_UNUSED_VARIABLE = YES;
				IPHONEOS_DEPLOYMENT_TARGET = 10.3;
				MTL_ENABLE_DEBUG_INFO = NO;
				SDKROOT = iphoneos;
				SWIFT_OPTIMIZATION_LEVEL = "-Owholemodule";
				TARGETED_DEVICE_FAMILY = "1,2";
				VALIDATE_PRODUCT = YES;
			};
			name = Release;
		};
		3BC4E1AF1ED772C8001636D1 /* Debug */ = {
			isa = XCBuildConfiguration;
			buildSettings = {
				ASSETCATALOG_COMPILER_APPICON_NAME = AppIcon;
				DEVELOPMENT_TEAM = X29V4JPQ55;
				INFOPLIST_FILE = GeoMe/Info.plist;
				LD_RUNPATH_SEARCH_PATHS = "$(inherited) @executable_path/Frameworks";
				PRODUCT_BUNDLE_IDENTIFIER = com.elbedev.GeoMe;
				PRODUCT_NAME = "$(TARGET_NAME)";
				SWIFT_VERSION = 3.0;
			};
			name = Debug;
		};
		3BC4E1B01ED772C8001636D1 /* Release */ = {
			isa = XCBuildConfiguration;
			buildSettings = {
				ASSETCATALOG_COMPILER_APPICON_NAME = AppIcon;
				DEVELOPMENT_TEAM = X29V4JPQ55;
				INFOPLIST_FILE = GeoMe/Info.plist;
				LD_RUNPATH_SEARCH_PATHS = "$(inherited) @executable_path/Frameworks";
				PRODUCT_BUNDLE_IDENTIFIER = com.elbedev.GeoMe;
				PRODUCT_NAME = "$(TARGET_NAME)";
				SWIFT_VERSION = 3.0;
			};
			name = Release;
		};
/* End XCBuildConfiguration section */

/* Begin XCConfigurationList section */
		3BC4E1971ED772C8001636D1 /* Build configuration list for PBXProject "GeoMe" */ = {
			isa = XCConfigurationList;
			buildConfigurations = (
				3BC4E1AC1ED772C8001636D1 /* Debug */,
				3BC4E1AD1ED772C8001636D1 /* Release */,
			);
			defaultConfigurationIsVisible = 0;
			defaultConfigurationName = Release;
		};
		3BC4E1AE1ED772C8001636D1 /* Build configuration list for PBXNativeTarget "GeoMe" */ = {
			isa = XCConfigurationList;
			buildConfigurations = (
				3BC4E1AF1ED772C8001636D1 /* Debug */,
				3BC4E1B01ED772C8001636D1 /* Release */,
			);
			defaultConfigurationIsVisible = 0;
		};
/* End XCConfigurationList section */
	};
	rootObject = 3BC4E1941ED772C8001636D1 /* Project object */;
}
