// !$*UTF8*$!
{
	archiveVersion = 1;
	classes = {
	};
	objectVersion = 46;
	objects = {

/* Begin PBXBuildFile section */
		3B0D2DD91ED8D32900ADAA24 /* CreditsViewController.swift in Sources */ = {isa = PBXBuildFile; fileRef = 3B0D2DD81ED8D32900ADAA24 /* CreditsViewController.swift */; };
		3B0D2DDB1ED9D5D200ADAA24 /* DistanceViewModel.swift in Sources */ = {isa = PBXBuildFile; fileRef = 3B0D2DDA1ED9D5D200ADAA24 /* DistanceViewModel.swift */; };
		3B3A27331ED8C6E00065AF68 /* AppDelegate.swift in Sources */ = {isa = PBXBuildFile; fileRef = 3B3A27241ED8C6E00065AF68 /* AppDelegate.swift */; };
		3B3A27341ED8C6E00065AF68 /* Assets.xcassets in Resources */ = {isa = PBXBuildFile; fileRef = 3B3A27251ED8C6E00065AF68 /* Assets.xcassets */; };
		3B3A27351ED8C6E00065AF68 /* LaunchScreen.storyboard in Resources */ = {isa = PBXBuildFile; fileRef = 3B3A27261ED8C6E00065AF68 /* LaunchScreen.storyboard */; };
		3B3A27361ED8C6E00065AF68 /* Main.storyboard in Resources */ = {isa = PBXBuildFile; fileRef = 3B3A27281ED8C6E00065AF68 /* Main.storyboard */; };
		3B3A27371ED8C6E00065AF68 /* InfoPlist.strings in Resources */ = {isa = PBXBuildFile; fileRef = 3B3A272A1ED8C6E00065AF68 /* InfoPlist.strings */; };
		3B3A27381ED8C6E00065AF68 /* LaunchScreen.strings in Resources */ = {isa = PBXBuildFile; fileRef = 3B3A272C1ED8C6E00065AF68 /* LaunchScreen.strings */; };
		3B3A27391ED8C6E00065AF68 /* Main.strings in Resources */ = {isa = PBXBuildFile; fileRef = 3B3A272E1ED8C6E00065AF68 /* Main.strings */; };
		3B3A273B1ED8C6E00065AF68 /* DistanceViewController.swift in Sources */ = {isa = PBXBuildFile; fileRef = 3B3A27321ED8C6E00065AF68 /* DistanceViewController.swift */; };
		3B6B9D811EDA18F8009E622D /* WeatherProvider.swift in Sources */ = {isa = PBXBuildFile; fileRef = 3B6B9D801EDA18F8009E622D /* WeatherProvider.swift */; };
		3B6B9D831EDA1EB8009E622D /* Keys.swift in Sources */ = {isa = PBXBuildFile; fileRef = 3B6B9D821EDA1EB8009E622D /* Keys.swift */; };
		3B6B9D851EDA252C009E622D /* WeatherViewController.swift in Sources */ = {isa = PBXBuildFile; fileRef = 3B6B9D841EDA252C009E622D /* WeatherViewController.swift */; };
		3B85863E1EDF55E100157DF6 /* WeatherViewModel.swift in Sources */ = {isa = PBXBuildFile; fileRef = 3B85863D1EDF55E100157DF6 /* WeatherViewModel.swift */; };
		3B8586401EDF582800157DF6 /* StringExtensions.swift in Sources */ = {isa = PBXBuildFile; fileRef = 3B85863F1EDF582800157DF6 /* StringExtensions.swift */; };
		3BC4E1B31ED77309001636D1 /* CoreLocation.framework in Frameworks */ = {isa = PBXBuildFile; fileRef = 3BC4E1B21ED77309001636D1 /* CoreLocation.framework */; };
		3BEB7DC51EF3C2B30081BB97 /* CloudKit.framework in Frameworks */ = {isa = PBXBuildFile; fileRef = 3BEB7DC41EF3C2B30081BB97 /* CloudKit.framework */; };
/* End PBXBuildFile section */

/* Begin PBXFileReference section */
		3B0D2DD81ED8D32900ADAA24 /* CreditsViewController.swift */ = {isa = PBXFileReference; fileEncoding = 4; lastKnownFileType = sourcecode.swift; path = CreditsViewController.swift; sourceTree = "<group>"; };
		3B0D2DDA1ED9D5D200ADAA24 /* DistanceViewModel.swift */ = {isa = PBXFileReference; fileEncoding = 4; lastKnownFileType = sourcecode.swift; path = DistanceViewModel.swift; sourceTree = "<group>"; };
		3B3A27241ED8C6E00065AF68 /* AppDelegate.swift */ = {isa = PBXFileReference; fileEncoding = 4; lastKnownFileType = sourcecode.swift; path = AppDelegate.swift; sourceTree = "<group>"; };
		3B3A27251ED8C6E00065AF68 /* Assets.xcassets */ = {isa = PBXFileReference; lastKnownFileType = folder.assetcatalog; path = Assets.xcassets; sourceTree = "<group>"; };
		3B3A27271ED8C6E00065AF68 /* Base */ = {isa = PBXFileReference; lastKnownFileType = file.storyboard; name = Base; path = Base.lproj/LaunchScreen.storyboard; sourceTree = "<group>"; };
		3B3A27291ED8C6E00065AF68 /* Base */ = {isa = PBXFileReference; lastKnownFileType = file.storyboard; name = Base; path = Base.lproj/Main.storyboard; sourceTree = "<group>"; };
		3B3A272B1ED8C6E00065AF68 /* de */ = {isa = PBXFileReference; lastKnownFileType = text.plist.strings; name = de; path = de.lproj/InfoPlist.strings; sourceTree = "<group>"; };
		3B3A272D1ED8C6E00065AF68 /* de */ = {isa = PBXFileReference; lastKnownFileType = text.plist.strings; name = de; path = de.lproj/LaunchScreen.strings; sourceTree = "<group>"; };
		3B3A272F1ED8C6E00065AF68 /* de */ = {isa = PBXFileReference; lastKnownFileType = text.plist.strings; name = de; path = de.lproj/Main.strings; sourceTree = "<group>"; };
		3B3A27301ED8C6E00065AF68 /* en */ = {isa = PBXFileReference; lastKnownFileType = text.plist.strings; name = en; path = en.lproj/InfoPlist.strings; sourceTree = "<group>"; };
		3B3A27311ED8C6E00065AF68 /* Info.plist */ = {isa = PBXFileReference; fileEncoding = 4; lastKnownFileType = text.plist.xml; path = Info.plist; sourceTree = "<group>"; };
		3B3A27321ED8C6E00065AF68 /* DistanceViewController.swift */ = {isa = PBXFileReference; fileEncoding = 4; lastKnownFileType = sourcecode.swift; path = DistanceViewController.swift; sourceTree = "<group>"; };
		3B6B9D801EDA18F8009E622D /* WeatherProvider.swift */ = {isa = PBXFileReference; fileEncoding = 4; lastKnownFileType = sourcecode.swift; path = WeatherProvider.swift; sourceTree = "<group>"; };
		3B6B9D821EDA1EB8009E622D /* Keys.swift */ = {isa = PBXFileReference; fileEncoding = 4; lastKnownFileType = sourcecode.swift; path = Keys.swift; sourceTree = "<group>"; };
		3B6B9D841EDA252C009E622D /* WeatherViewController.swift */ = {isa = PBXFileReference; fileEncoding = 4; lastKnownFileType = sourcecode.swift; path = WeatherViewController.swift; sourceTree = "<group>"; };
		3B85863D1EDF55E100157DF6 /* WeatherViewModel.swift */ = {isa = PBXFileReference; fileEncoding = 4; lastKnownFileType = sourcecode.swift; path = WeatherViewModel.swift; sourceTree = "<group>"; };
		3B85863F1EDF582800157DF6 /* StringExtensions.swift */ = {isa = PBXFileReference; fileEncoding = 4; lastKnownFileType = sourcecode.swift; path = StringExtensions.swift; sourceTree = "<group>"; };
		3BC4E19C1ED772C8001636D1 /* Bish.app */ = {isa = PBXFileReference; explicitFileType = wrapper.application; includeInIndex = 0; path = Bish.app; sourceTree = BUILT_PRODUCTS_DIR; };
		3BC4E1B21ED77309001636D1 /* CoreLocation.framework */ = {isa = PBXFileReference; lastKnownFileType = wrapper.framework; name = CoreLocation.framework; path = System/Library/Frameworks/CoreLocation.framework; sourceTree = SDKROOT; };
		3BEB7DC31EF3C2A60081BB97 /* Bish.entitlements */ = {isa = PBXFileReference; lastKnownFileType = text.plist.entitlements; path = Bish.entitlements; sourceTree = "<group>"; };
		3BEB7DC41EF3C2B30081BB97 /* CloudKit.framework */ = {isa = PBXFileReference; lastKnownFileType = wrapper.framework; name = CloudKit.framework; path = System/Library/Frameworks/CloudKit.framework; sourceTree = SDKROOT; };
/* End PBXFileReference section */

/* Begin PBXFrameworksBuildPhase section */
		3BC4E1991ED772C8001636D1 /* Frameworks */ = {
			isa = PBXFrameworksBuildPhase;
			buildActionMask = 2147483647;
			files = (
				3BC4E1B31ED77309001636D1 /* CoreLocation.framework in Frameworks */,
				3BEB7DC51EF3C2B30081BB97 /* CloudKit.framework in Frameworks */,
			);
			runOnlyForDeploymentPostprocessing = 0;
		};
/* End PBXFrameworksBuildPhase section */

/* Begin PBXGroup section */
		3B0D2DD61ED8C83900ADAA24 /* Distance View Controller */ = {
			isa = PBXGroup;
			children = (
				3B3A27321ED8C6E00065AF68 /* DistanceViewController.swift */,
				3B0D2DDA1ED9D5D200ADAA24 /* DistanceViewModel.swift */,
			);
			name = "Distance View Controller";
			sourceTree = "<group>";
		};
		3B0D2DD71ED8D30D00ADAA24 /* Credits View Controller */ = {
			isa = PBXGroup;
			children = (
				3B0D2DD81ED8D32900ADAA24 /* CreditsViewController.swift */,
			);
			name = "Credits View Controller";
			sourceTree = "<group>";
		};
		3B3A27231ED8C6E00065AF68 /* Bish */ = {
			isa = PBXGroup;
			children = (
				3B3A27241ED8C6E00065AF68 /* AppDelegate.swift */,
				3B6B9D821EDA1EB8009E622D /* Keys.swift */,
				3B85863F1EDF582800157DF6 /* StringExtensions.swift */,
				3B6B9D7F1EDA18CE009E622D /* Weather */,
				3B0D2DD71ED8D30D00ADAA24 /* Credits View Controller */,
				3B0D2DD61ED8C83900ADAA24 /* Distance View Controller */,
				3BEB7DC31EF3C2A60081BB97 /* Bish.entitlements */,
				3B3A27251ED8C6E00065AF68 /* Assets.xcassets */,
				3B3A27261ED8C6E00065AF68 /* LaunchScreen.storyboard */,
				3B3A27281ED8C6E00065AF68 /* Main.storyboard */,
				3B3A272A1ED8C6E00065AF68 /* InfoPlist.strings */,
				3B3A272C1ED8C6E00065AF68 /* LaunchScreen.strings */,
				3B3A272E1ED8C6E00065AF68 /* Main.strings */,
				3B3A27311ED8C6E00065AF68 /* Info.plist */,
			);
			path = Bish;
			sourceTree = "<group>";
		};
		3B6B9D7F1EDA18CE009E622D /* Weather */ = {
			isa = PBXGroup;
			children = (
				3B6B9D801EDA18F8009E622D /* WeatherProvider.swift */,
				3B6B9D841EDA252C009E622D /* WeatherViewController.swift */,
				3B85863D1EDF55E100157DF6 /* WeatherViewModel.swift */,
			);
			name = Weather;
			sourceTree = "<group>";
		};
		3BC4E1931ED772C8001636D1 = {
			isa = PBXGroup;
			children = (
				3B3A27231ED8C6E00065AF68 /* Bish */,
				3BC4E19D1ED772C8001636D1 /* Products */,
				3BC4E1B11ED77309001636D1 /* Frameworks */,
			);
			sourceTree = "<group>";
		};
		3BC4E19D1ED772C8001636D1 /* Products */ = {
			isa = PBXGroup;
			children = (
				3BC4E19C1ED772C8001636D1 /* Bish.app */,
			);
			name = Products;
			sourceTree = "<group>";
		};
		3BC4E1B11ED77309001636D1 /* Frameworks */ = {
			isa = PBXGroup;
			children = (
				3BEB7DC41EF3C2B30081BB97 /* CloudKit.framework */,
				3BC4E1B21ED77309001636D1 /* CoreLocation.framework */,
			);
			name = Frameworks;
			sourceTree = "<group>";
		};
/* End PBXGroup section */

/* Begin PBXNativeTarget section */
		3BC4E19B1ED772C8001636D1 /* Bish */ = {
			isa = PBXNativeTarget;
			buildConfigurationList = 3BC4E1AE1ED772C8001636D1 /* Build configuration list for PBXNativeTarget "Bish" */;
			buildPhases = (
				3BC4E1981ED772C8001636D1 /* Sources */,
				3BC4E1991ED772C8001636D1 /* Frameworks */,
				3BC4E19A1ED772C8001636D1 /* Resources */,
			);
			buildRules = (
			);
			dependencies = (
			);
			name = Bish;
			productName = GeoMe;
			productReference = 3BC4E19C1ED772C8001636D1 /* Bish.app */;
			productType = "com.apple.product-type.application";
		};
/* End PBXNativeTarget section */

/* Begin PBXProject section */
		3BC4E1941ED772C8001636D1 /* Project object */ = {
			isa = PBXProject;
			attributes = {
				LastSwiftUpdateCheck = 0830;
				LastUpgradeCheck = 0830;
				ORGANIZATIONNAME = elbedev.com;
				TargetAttributes = {
					3BC4E19B1ED772C8001636D1 = {
						CreatedOnToolsVersion = 8.3.2;
						DevelopmentTeam = X29V4JPQ55;
						ProvisioningStyle = Automatic;
						SystemCapabilities = {
							com.apple.Push = {
								enabled = 1;
							};
							com.apple.iCloud = {
								enabled = 1;
							};
						};
					};
				};
			};
			buildConfigurationList = 3BC4E1971ED772C8001636D1 /* Build configuration list for PBXProject "Bish" */;
			compatibilityVersion = "Xcode 3.2";
			developmentRegion = English;
			hasScannedForEncodings = 0;
			knownRegions = (
				en,
				Base,
				de,
			);
			mainGroup = 3BC4E1931ED772C8001636D1;
			productRefGroup = 3BC4E19D1ED772C8001636D1 /* Products */;
			projectDirPath = "";
			projectRoot = "";
			targets = (
				3BC4E19B1ED772C8001636D1 /* Bish */,
			);
		};
/* End PBXProject section */

/* Begin PBXResourcesBuildPhase section */
		3BC4E19A1ED772C8001636D1 /* Resources */ = {
			isa = PBXResourcesBuildPhase;
			buildActionMask = 2147483647;
			files = (
				3B3A27361ED8C6E00065AF68 /* Main.storyboard in Resources */,
				3B3A27371ED8C6E00065AF68 /* InfoPlist.strings in Resources */,
				3B3A27341ED8C6E00065AF68 /* Assets.xcassets in Resources */,
				3B3A27391ED8C6E00065AF68 /* Main.strings in Resources */,
				3B3A27381ED8C6E00065AF68 /* LaunchScreen.strings in Resources */,
				3B3A27351ED8C6E00065AF68 /* LaunchScreen.storyboard in Resources */,
			);
			runOnlyForDeploymentPostprocessing = 0;
		};
/* End PBXResourcesBuildPhase section */

/* Begin PBXSourcesBuildPhase section */
		3BC4E1981ED772C8001636D1 /* Sources */ = {
			isa = PBXSourcesBuildPhase;
			buildActionMask = 2147483647;
			files = (
				3B3A273B1ED8C6E00065AF68 /* DistanceViewController.swift in Sources */,
				3B6B9D831EDA1EB8009E622D /* Keys.swift in Sources */,
				3B0D2DDB1ED9D5D200ADAA24 /* DistanceViewModel.swift in Sources */,
				3B8586401EDF582800157DF6 /* StringExtensions.swift in Sources */,
				3B0D2DD91ED8D32900ADAA24 /* CreditsViewController.swift in Sources */,
				3B6B9D851EDA252C009E622D /* WeatherViewController.swift in Sources */,
				3B85863E1EDF55E100157DF6 /* WeatherViewModel.swift in Sources */,
				3B3A27331ED8C6E00065AF68 /* AppDelegate.swift in Sources */,
				3B6B9D811EDA18F8009E622D /* WeatherProvider.swift in Sources */,
			);
			runOnlyForDeploymentPostprocessing = 0;
		};
/* End PBXSourcesBuildPhase section */

/* Begin PBXVariantGroup section */
		3B3A27261ED8C6E00065AF68 /* LaunchScreen.storyboard */ = {
			isa = PBXVariantGroup;
			children = (
				3B3A27271ED8C6E00065AF68 /* Base */,
			);
			name = LaunchScreen.storyboard;
			sourceTree = "<group>";
		};
		3B3A27281ED8C6E00065AF68 /* Main.storyboard */ = {
			isa = PBXVariantGroup;
			children = (
				3B3A27291ED8C6E00065AF68 /* Base */,
			);
			name = Main.storyboard;
			sourceTree = "<group>";
		};
		3B3A272A1ED8C6E00065AF68 /* InfoPlist.strings */ = {
			isa = PBXVariantGroup;
			children = (
				3B3A272B1ED8C6E00065AF68 /* de */,
				3B3A27301ED8C6E00065AF68 /* en */,
			);
			name = InfoPlist.strings;
			sourceTree = "<group>";
		};
		3B3A272C1ED8C6E00065AF68 /* LaunchScreen.strings */ = {
			isa = PBXVariantGroup;
			children = (
				3B3A272D1ED8C6E00065AF68 /* de */,
			);
			name = LaunchScreen.strings;
			sourceTree = "<group>";
		};
		3B3A272E1ED8C6E00065AF68 /* Main.strings */ = {
			isa = PBXVariantGroup;
			children = (
				3B3A272F1ED8C6E00065AF68 /* de */,
			);
			name = Main.strings;
			sourceTree = "<group>";
		};
/* End PBXVariantGroup section */

/* Begin XCBuildConfiguration section */
		3BC4E1AC1ED772C8001636D1 /* Debug */ = {
			isa = XCBuildConfiguration;
			buildSettings = {
				ALWAYS_SEARCH_USER_PATHS = NO;
				CLANG_ANALYZER_LOCALIZABILITY_NONLOCALIZED = YES;
				CLANG_ANALYZER_NONNULL = YES;
				CLANG_ANALYZER_NUMBER_OBJECT_CONVERSION = YES_AGGRESSIVE;
				CLANG_CXX_LANGUAGE_STANDARD = "gnu++0x";
				CLANG_CXX_LIBRARY = "libc++";
				CLANG_ENABLE_MODULES = YES;
				CLANG_ENABLE_OBJC_ARC = YES;
				CLANG_WARN_BOOL_CONVERSION = YES;
				CLANG_WARN_CONSTANT_CONVERSION = YES;
				CLANG_WARN_DIRECT_OBJC_ISA_USAGE = YES_ERROR;
				CLANG_WARN_DOCUMENTATION_COMMENTS = YES;
				CLANG_WARN_EMPTY_BODY = YES;
				CLANG_WARN_ENUM_CONVERSION = YES;
				CLANG_WARN_INFINITE_RECURSION = YES;
				CLANG_WARN_INT_CONVERSION = YES;
				CLANG_WARN_OBJC_ROOT_CLASS = YES_ERROR;
				CLANG_WARN_SUSPICIOUS_MOVE = YES;
				CLANG_WARN_UNREACHABLE_CODE = YES;
				CLANG_WARN__DUPLICATE_METHOD_MATCH = YES;
				"CODE_SIGN_IDENTITY[sdk=iphoneos*]" = "iPhone Developer";
				COPY_PHASE_STRIP = NO;
				DEBUG_INFORMATION_FORMAT = dwarf;
				ENABLE_STRICT_OBJC_MSGSEND = YES;
				ENABLE_TESTABILITY = YES;
				GCC_C_LANGUAGE_STANDARD = gnu99;
				GCC_DYNAMIC_NO_PIC = NO;
				GCC_NO_COMMON_BLOCKS = YES;
				GCC_OPTIMIZATION_LEVEL = 0;
				GCC_PREPROCESSOR_DEFINITIONS = (
					"DEBUG=1",
					"$(inherited)",
				);
				GCC_WARN_64_TO_32_BIT_CONVERSION = YES;
				GCC_WARN_ABOUT_RETURN_TYPE = YES_ERROR;
				GCC_WARN_UNDECLARED_SELECTOR = YES;
				GCC_WARN_UNINITIALIZED_AUTOS = YES_AGGRESSIVE;
				GCC_WARN_UNUSED_FUNCTION = YES;
				GCC_WARN_UNUSED_VARIABLE = YES;
				IPHONEOS_DEPLOYMENT_TARGET = 10.3;
				MTL_ENABLE_DEBUG_INFO = YES;
				ONLY_ACTIVE_ARCH = YES;
				SDKROOT = iphoneos;
				SWIFT_ACTIVE_COMPILATION_CONDITIONS = DEBUG;
				SWIFT_OPTIMIZATION_LEVEL = "-Onone";
				TARGETED_DEVICE_FAMILY = "1,2";
			};
			name = Debug;
		};
		3BC4E1AD1ED772C8001636D1 /* Release */ = {
			isa = XCBuildConfiguration;
			buildSettings = {
				ALWAYS_SEARCH_USER_PATHS = NO;
				CLANG_ANALYZER_LOCALIZABILITY_NONLOCALIZED = YES;
				CLANG_ANALYZER_NONNULL = YES;
				CLANG_ANALYZER_NUMBER_OBJECT_CONVERSION = YES_AGGRESSIVE;
				CLANG_CXX_LANGUAGE_STANDARD = "gnu++0x";
				CLANG_CXX_LIBRARY = "libc++";
				CLANG_ENABLE_MODULES = YES;
				CLANG_ENABLE_OBJC_ARC = YES;
				CLANG_WARN_BOOL_CONVERSION = YES;
				CLANG_WARN_CONSTANT_CONVERSION = YES;
				CLANG_WARN_DIRECT_OBJC_ISA_USAGE = YES_ERROR;
				CLANG_WARN_DOCUMENTATION_COMMENTS = YES;
				CLANG_WARN_EMPTY_BODY = YES;
				CLANG_WARN_ENUM_CONVERSION = YES;
				CLANG_WARN_INFINITE_RECURSION = YES;
				CLANG_WARN_INT_CONVERSION = YES;
				CLANG_WARN_OBJC_ROOT_CLASS = YES_ERROR;
				CLANG_WARN_SUSPICIOUS_MOVE = YES;
				CLANG_WARN_UNREACHABLE_CODE = YES;
				CLANG_WARN__DUPLICATE_METHOD_MATCH = YES;
				"CODE_SIGN_IDENTITY[sdk=iphoneos*]" = "iPhone Developer";
				COPY_PHASE_STRIP = NO;
				DEBUG_INFORMATION_FORMAT = "dwarf-with-dsym";
				ENABLE_NS_ASSERTIONS = NO;
				ENABLE_STRICT_OBJC_MSGSEND = YES;
				GCC_C_LANGUAGE_STANDARD = gnu99;
				GCC_NO_COMMON_BLOCKS = YES;
				GCC_WARN_64_TO_32_BIT_CONVERSION = YES;
				GCC_WARN_ABOUT_RETURN_TYPE = YES_ERROR;
				GCC_WARN_UNDECLARED_SELECTOR = YES;
				GCC_WARN_UNINITIALIZED_AUTOS = YES_AGGRESSIVE;
				GCC_WARN_UNUSED_FUNCTION = YES;
				GCC_WARN_UNUSED_VARIABLE = YES;
				IPHONEOS_DEPLOYMENT_TARGET = 10.3;
				MTL_ENABLE_DEBUG_INFO = NO;
				SDKROOT = iphoneos;
				SWIFT_OPTIMIZATION_LEVEL = "-Owholemodule";
				TARGETED_DEVICE_FAMILY = "1,2";
				VALIDATE_PRODUCT = YES;
			};
			name = Release;
		};
		3BC4E1AF1ED772C8001636D1 /* Debug */ = {
			isa = XCBuildConfiguration;
			buildSettings = {
				ASSETCATALOG_COMPILER_APPICON_NAME = AppIcon;
				CODE_SIGN_ENTITLEMENTS = Bish/Bish.entitlements;
				DEVELOPMENT_TEAM = X29V4JPQ55;
				INFOPLIST_FILE = "$(SRCROOT)/Bish/Info.plist";
				LD_RUNPATH_SEARCH_PATHS = "$(inherited) @executable_path/Frameworks";
				PRODUCT_BUNDLE_IDENTIFIER = com.elbedev.bish;
				PRODUCT_NAME = "$(TARGET_NAME)";
				SWIFT_VERSION = 3.0;
			};
			name = Debug;
		};
		3BC4E1B01ED772C8001636D1 /* Release */ = {
			isa = XCBuildConfiguration;
			buildSettings = {
				ASSETCATALOG_COMPILER_APPICON_NAME = AppIcon;
				CODE_SIGN_ENTITLEMENTS = Bish/Bish.entitlements;
				DEVELOPMENT_TEAM = X29V4JPQ55;
				INFOPLIST_FILE = "$(SRCROOT)/Bish/Info.plist";
				LD_RUNPATH_SEARCH_PATHS = "$(inherited) @executable_path/Frameworks";
				PRODUCT_BUNDLE_IDENTIFIER = com.elbedev.bish;
				PRODUCT_NAME = "$(TARGET_NAME)";
				SWIFT_VERSION = 3.0;
			};
			name = Release;
		};
/* End XCBuildConfiguration section */

/* Begin XCConfigurationList section */
		3BC4E1971ED772C8001636D1 /* Build configuration list for PBXProject "Bish" */ = {
			isa = XCConfigurationList;
			buildConfigurations = (
				3BC4E1AC1ED772C8001636D1 /* Debug */,
				3BC4E1AD1ED772C8001636D1 /* Release */,
			);
			defaultConfigurationIsVisible = 0;
			defaultConfigurationName = Release;
		};
		3BC4E1AE1ED772C8001636D1 /* Build configuration list for PBXNativeTarget "Bish" */ = {
			isa = XCConfigurationList;
			buildConfigurations = (
				3BC4E1AF1ED772C8001636D1 /* Debug */,
				3BC4E1B01ED772C8001636D1 /* Release */,
			);
			defaultConfigurationIsVisible = 0;
			defaultConfigurationName = Release;
		};
/* End XCConfigurationList section */
	};
	rootObject = 3BC4E1941ED772C8001636D1 /* Project object */;
}
